
Microsoft Visual Studio Solution File, Format Version 12.00
# Visual Studio Version 17
VisualStudioVersion = 17.1.31911.260
MinimumVisualStudioVersion = 10.0.40219.1
Project("{FAE04EC0-301F-11D3-BF4B-00C04F79EFBC}") = "TutorialWebApiDocumentation", "TutorialWebApiDocumentation\TutorialWebApiDocumentation.csproj", "{387232B0-1814-403E-A92C-3E773F468CE2}"
EndProject
Global
	GlobalSection(SolutionConfigurationPlatforms) = preSolution
		Debug|Any CPU = Debug|Any CPU
		Release|Any CPU = Release|Any CPU
	EndGlobalSection
	GlobalSection(ProjectConfigurationPlatforms) = postSolution
		{387232B0-1814-403E-A92C-3E773F468CE2}.Debug|Any CPU.ActiveCfg = Debug|Any CPU
		{387232B0-1814-403E-A92C-3E773F468CE2}.Debug|Any CPU.Build.0 = Debug|Any CPU
		{387232B0-1814-403E-A92C-3E773F468CE2}.Release|Any CPU.ActiveCfg = Release|Any CPU
		{387232B0-1814-403E-A92C-3E773F468CE2}.Release|Any CPU.Build.0 = Release|Any CPU
	EndGlobalSection
	GlobalSection(SolutionProperties) = preSolution
		HideSolutionNode = FALSE
	EndGlobalSection
	GlobalSection(ExtensibilityGlobals) = postSolution
		SolutionGuid = {1FF233F5-9880-4714-B8F1-0578E4806DB2}
	EndGlobalSection
EndGlobal
